// !$*UTF8*$!
{
	archiveVersion = 1;
	classes = {
	};
	objectVersion = 50;
	objects = {

/* Begin PBXBuildFile section */
		2819E2BD24B4478500E488E8 /* SettingLauncher.swift in Sources */ = {isa = PBXBuildFile; fileRef = 2819E2BC24B4478500E488E8 /* SettingLauncher.swift */; };
		2819E2DF24B4622D00E488E8 /* SettingCell.swift in Sources */ = {isa = PBXBuildFile; fileRef = 2819E2DE24B4622D00E488E8 /* SettingCell.swift */; };
		28251B4C24AF0C00007C9DA9 /* AppDelegate.swift in Sources */ = {isa = PBXBuildFile; fileRef = 28251B4B24AF0C00007C9DA9 /* AppDelegate.swift */; };
		28251B4E24AF0C00007C9DA9 /* SceneDelegate.swift in Sources */ = {isa = PBXBuildFile; fileRef = 28251B4D24AF0C00007C9DA9 /* SceneDelegate.swift */; };
		28251B5024AF0C00007C9DA9 /* HomeController.swift in Sources */ = {isa = PBXBuildFile; fileRef = 28251B4F24AF0C00007C9DA9 /* HomeController.swift */; };
		28251B5324AF0C00007C9DA9 /* Main.storyboard in Resources */ = {isa = PBXBuildFile; fileRef = 28251B5124AF0C00007C9DA9 /* Main.storyboard */; };
		28251B5524AF0C01007C9DA9 /* Assets.xcassets in Resources */ = {isa = PBXBuildFile; fileRef = 28251B5424AF0C01007C9DA9 /* Assets.xcassets */; };
		28251B5824AF0C01007C9DA9 /* LaunchScreen.storyboard in Resources */ = {isa = PBXBuildFile; fileRef = 28251B5624AF0C01007C9DA9 /* LaunchScreen.storyboard */; };
		28C6476E24B2FE2D0093FF02 /* Extensions.swift in Sources */ = {isa = PBXBuildFile; fileRef = 28C6476D24B2FE2D0093FF02 /* Extensions.swift */; };
		28C6477124B2FEAE0093FF02 /* VideoCell.swift in Sources */ = {isa = PBXBuildFile; fileRef = 28C6477024B2FEAE0093FF02 /* VideoCell.swift */; };
		28C6477424B300780093FF02 /* MenuBar.swift in Sources */ = {isa = PBXBuildFile; fileRef = 28C6477324B300780093FF02 /* MenuBar.swift */; };
		28C6477724B3259C0093FF02 /* Video.swift in Sources */ = {isa = PBXBuildFile; fileRef = 28C6477624B3259C0093FF02 /* Video.swift */; };
/* End PBXBuildFile section */

/* Begin PBXFileReference section */
		2819E2BC24B4478500E488E8 /* SettingLauncher.swift */ = {isa = PBXFileReference; lastKnownFileType = sourcecode.swift; path = SettingLauncher.swift; sourceTree = "<group>"; };
		2819E2DE24B4622D00E488E8 /* SettingCell.swift */ = {isa = PBXFileReference; lastKnownFileType = sourcecode.swift; path = SettingCell.swift; sourceTree = "<group>"; };
		28251B4824AF0C00007C9DA9 /* Swift Youtube App Programmatically.app */ = {isa = PBXFileReference; explicitFileType = wrapper.application; includeInIndex = 0; path = "Swift Youtube App Programmatically.app"; sourceTree = BUILT_PRODUCTS_DIR; };
		28251B4B24AF0C00007C9DA9 /* AppDelegate.swift */ = {isa = PBXFileReference; lastKnownFileType = sourcecode.swift; path = AppDelegate.swift; sourceTree = "<group>"; };
		28251B4D24AF0C00007C9DA9 /* SceneDelegate.swift */ = {isa = PBXFileReference; lastKnownFileType = sourcecode.swift; path = SceneDelegate.swift; sourceTree = "<group>"; };
		28251B4F24AF0C00007C9DA9 /* HomeController.swift */ = {isa = PBXFileReference; lastKnownFileType = sourcecode.swift; path = HomeController.swift; sourceTree = "<group>"; };
		28251B5224AF0C00007C9DA9 /* Base */ = {isa = PBXFileReference; lastKnownFileType = file.storyboard; name = Base; path = Base.lproj/Main.storyboard; sourceTree = "<group>"; };
		28251B5424AF0C01007C9DA9 /* Assets.xcassets */ = {isa = PBXFileReference; lastKnownFileType = folder.assetcatalog; path = Assets.xcassets; sourceTree = "<group>"; };
		28251B5724AF0C01007C9DA9 /* Base */ = {isa = PBXFileReference; lastKnownFileType = file.storyboard; name = Base; path = Base.lproj/LaunchScreen.storyboard; sourceTree = "<group>"; };
		28251B5924AF0C01007C9DA9 /* Info.plist */ = {isa = PBXFileReference; lastKnownFileType = text.plist.xml; path = Info.plist; sourceTree = "<group>"; };
		28C6476D24B2FE2D0093FF02 /* Extensions.swift */ = {isa = PBXFileReference; lastKnownFileType = sourcecode.swift; path = Extensions.swift; sourceTree = "<group>"; };
		28C6477024B2FEAE0093FF02 /* VideoCell.swift */ = {isa = PBXFileReference; lastKnownFileType = sourcecode.swift; path = VideoCell.swift; sourceTree = "<group>"; };
		28C6477324B300780093FF02 /* MenuBar.swift */ = {isa = PBXFileReference; lastKnownFileType = sourcecode.swift; path = MenuBar.swift; sourceTree = "<group>"; };
		28C6477624B3259C0093FF02 /* Video.swift */ = {isa = PBXFileReference; lastKnownFileType = sourcecode.swift; path = Video.swift; sourceTree = "<group>"; };
/* End PBXFileReference section */

/* Begin PBXFrameworksBuildPhase section */
		28251B4524AF0C00007C9DA9 /* Frameworks */ = {
			isa = PBXFrameworksBuildPhase;
			buildActionMask = 2147483647;
			files = (
			);
			runOnlyForDeploymentPostprocessing = 0;
		};
/* End PBXFrameworksBuildPhase section */

/* Begin PBXGroup section */
		28251B3F24AF0C00007C9DA9 = {
			isa = PBXGroup;
			children = (
				28251B4A24AF0C00007C9DA9 /* Swift Youtube App Programmatically */,
				28251B4924AF0C00007C9DA9 /* Products */,
			);
			sourceTree = "<group>";
		};
		28251B4924AF0C00007C9DA9 /* Products */ = {
			isa = PBXGroup;
			children = (
				28251B4824AF0C00007C9DA9 /* Swift Youtube App Programmatically.app */,
			);
			name = Products;
			sourceTree = "<group>";
		};
		28251B4A24AF0C00007C9DA9 /* Swift Youtube App Programmatically */ = {
			isa = PBXGroup;
			children = (
				28C6477524B325880093FF02 /* Model */,
				28C6476F24B2FE890093FF02 /* View */,
				28C6477224B2FECB0093FF02 /* Controller */,
				28C6476C24B2FE1E0093FF02 /* Helpers */,
				28251B4B24AF0C00007C9DA9 /* AppDelegate.swift */,
				28251B4D24AF0C00007C9DA9 /* SceneDelegate.swift */,
				28251B5124AF0C00007C9DA9 /* Main.storyboard */,
				28251B5424AF0C01007C9DA9 /* Assets.xcassets */,
				28251B5624AF0C01007C9DA9 /* LaunchScreen.storyboard */,
				28251B5924AF0C01007C9DA9 /* Info.plist */,
			);
			path = "Swift Youtube App Programmatically";
			sourceTree = "<group>";
		};
		28C6476C24B2FE1E0093FF02 /* Helpers */ = {
			isa = PBXGroup;
			children = (
				28C6476D24B2FE2D0093FF02 /* Extensions.swift */,
			);
			path = Helpers;
			sourceTree = "<group>";
		};
		28C6476F24B2FE890093FF02 /* View */ = {
			isa = PBXGroup;
			children = (
				28C6477024B2FEAE0093FF02 /* VideoCell.swift */,
				28C6477324B300780093FF02 /* MenuBar.swift */,
				2819E2DE24B4622D00E488E8 /* SettingCell.swift */,
			);
			path = View;
			sourceTree = "<group>";
		};
		28C6477224B2FECB0093FF02 /* Controller */ = {
			isa = PBXGroup;
			children = (
				28251B4F24AF0C00007C9DA9 /* HomeController.swift */,
				2819E2BC24B4478500E488E8 /* SettingLauncher.swift */,
			);
			path = Controller;
			sourceTree = "<group>";
		};
		28C6477524B325880093FF02 /* Model */ = {
			isa = PBXGroup;
			children = (
				28C6477624B3259C0093FF02 /* Video.swift */,
			);
			path = Model;
			sourceTree = "<group>";
		};
/* End PBXGroup section */

/* Begin PBXNativeTarget section */
		28251B4724AF0C00007C9DA9 /* Swift Youtube App Programmatically */ = {
			isa = PBXNativeTarget;
			buildConfigurationList = 28251B5C24AF0C01007C9DA9 /* Build configuration list for PBXNativeTarget "Swift Youtube App Programmatically" */;
			buildPhases = (
				28251B4424AF0C00007C9DA9 /* Sources */,
				28251B4524AF0C00007C9DA9 /* Frameworks */,
				28251B4624AF0C00007C9DA9 /* Resources */,
			);
			buildRules = (
			);
			dependencies = (
			);
			name = "Swift Youtube App Programmatically";
			productName = "Swift Youtube App Programmatically";
			productReference = 28251B4824AF0C00007C9DA9 /* Swift Youtube App Programmatically.app */;
			productType = "com.apple.product-type.application";
		};
/* End PBXNativeTarget section */

/* Begin PBXProject section */
		28251B4024AF0C00007C9DA9 /* Project object */ = {
			isa = PBXProject;
			attributes = {
				LastSwiftUpdateCheck = 1150;
				LastUpgradeCheck = 1150;
				TargetAttributes = {
					28251B4724AF0C00007C9DA9 = {
						CreatedOnToolsVersion = 11.5;
					};
				};
			};
			buildConfigurationList = 28251B4324AF0C00007C9DA9 /* Build configuration list for PBXProject "Swift Youtube App Programmatically" */;
			compatibilityVersion = "Xcode 9.3";
			developmentRegion = en;
			hasScannedForEncodings = 0;
			knownRegions = (
				en,
				Base,
			);
			mainGroup = 28251B3F24AF0C00007C9DA9;
			productRefGroup = 28251B4924AF0C00007C9DA9 /* Products */;
			projectDirPath = "";
			projectRoot = "";
			targets = (
				28251B4724AF0C00007C9DA9 /* Swift Youtube App Programmatically */,
			);
		};
/* End PBXProject section */

/* Begin PBXResourcesBuildPhase section */
		28251B4624AF0C00007C9DA9 /* Resources */ = {
			isa = PBXResourcesBuildPhase;
			buildActionMask = 2147483647;
			files = (
				28251B5824AF0C01007C9DA9 /* LaunchScreen.storyboard in Resources */,
				28251B5524AF0C01007C9DA9 /* Assets.xcassets in Resources */,
				28251B5324AF0C00007C9DA9 /* Main.storyboard in Resources */,
			);
			runOnlyForDeploymentPostprocessing = 0;
		};
/* End PBXResourcesBuildPhase section */

/* Begin PBXSourcesBuildPhase section */
		28251B4424AF0C00007C9DA9 /* Sources */ = {
			isa = PBXSourcesBuildPhase;
			buildActionMask = 2147483647;
			files = (
				2819E2BD24B4478500E488E8 /* SettingLauncher.swift in Sources */,
				28C6477124B2FEAE0093FF02 /* VideoCell.swift in Sources */,
				28251B5024AF0C00007C9DA9 /* HomeController.swift in Sources */,
				28C6477424B300780093FF02 /* MenuBar.swift in Sources */,
				28251B4C24AF0C00007C9DA9 /* AppDelegate.swift in Sources */,
				28251B4E24AF0C00007C9DA9 /* SceneDelegate.swift in Sources */,
				28C6477724B3259C0093FF02 /* Video.swift in Sources */,
				28C6476E24B2FE2D0093FF02 /* Extensions.swift in Sources */,
				2819E2DF24B4622D00E488E8 /* SettingCell.swift in Sources */,
			);
			runOnlyForDeploymentPostprocessing = 0;
		};
/* End PBXSourcesBuildPhase section */

/* Begin PBXVariantGroup section */
		28251B5124AF0C00007C9DA9 /* Main.storyboard */ = {
			isa = PBXVariantGroup;
			children = (
				28251B5224AF0C00007C9DA9 /* Base */,
			);
			name = Main.storyboard;
			sourceTree = "<group>";
		};
		28251B5624AF0C01007C9DA9 /* LaunchScreen.storyboard */ = {
			isa = PBXVariantGroup;
			children = (
				28251B5724AF0C01007C9DA9 /* Base */,
			);
			name = LaunchScreen.storyboard;
			sourceTree = "<group>";
		};
/* End PBXVariantGroup section */

/* Begin XCBuildConfiguration section */
		28251B5A24AF0C01007C9DA9 /* Debug */ = {
			isa = XCBuildConfiguration;
			buildSettings = {
				ALWAYS_SEARCH_USER_PATHS = NO;
				CLANG_ANALYZER_NONNULL = YES;
				CLANG_ANALYZER_NUMBER_OBJECT_CONVERSION = YES_AGGRESSIVE;
				CLANG_CXX_LANGUAGE_STANDARD = "gnu++14";
				CLANG_CXX_LIBRARY = "libc++";
				CLANG_ENABLE_MODULES = YES;
				CLANG_ENABLE_OBJC_ARC = YES;
				CLANG_ENABLE_OBJC_WEAK = YES;
				CLANG_WARN_BLOCK_CAPTURE_AUTORELEASING = YES;
				CLANG_WARN_BOOL_CONVERSION = YES;
				CLANG_WARN_COMMA = YES;
				CLANG_WARN_CONSTANT_CONVERSION = YES;
				CLANG_WARN_DEPRECATED_OBJC_IMPLEMENTATIONS = YES;
				CLANG_WARN_DIRECT_OBJC_ISA_USAGE = YES_ERROR;
				CLANG_WARN_DOCUMENTATION_COMMENTS = YES;
				CLANG_WARN_EMPTY_BODY = YES;
				CLANG_WARN_ENUM_CONVERSION = YES;
				CLANG_WARN_INFINITE_RECURSION = YES;
				CLANG_WARN_INT_CONVERSION = YES;
				CLANG_WARN_NON_LITERAL_NULL_CONVERSION = YES;
				CLANG_WARN_OBJC_IMPLICIT_RETAIN_SELF = YES;
				CLANG_WARN_OBJC_LITERAL_CONVERSION = YES;
				CLANG_WARN_OBJC_ROOT_CLASS = YES_ERROR;
				CLANG_WARN_RANGE_LOOP_ANALYSIS = YES;
				CLANG_WARN_STRICT_PROTOTYPES = YES;
				CLANG_WARN_SUSPICIOUS_MOVE = YES;
				CLANG_WARN_UNGUARDED_AVAILABILITY = YES_AGGRESSIVE;
				CLANG_WARN_UNREACHABLE_CODE = YES;
				CLANG_WARN__DUPLICATE_METHOD_MATCH = YES;
				COPY_PHASE_STRIP = NO;
				DEBUG_INFORMATION_FORMAT = dwarf;
				ENABLE_STRICT_OBJC_MSGSEND = YES;
				ENABLE_TESTABILITY = YES;
				GCC_C_LANGUAGE_STANDARD = gnu11;
				GCC_DYNAMIC_NO_PIC = NO;
				GCC_NO_COMMON_BLOCKS = YES;
				GCC_OPTIMIZATION_LEVEL = 0;
				GCC_PREPROCESSOR_DEFINITIONS = (
					"DEBUG=1",
					"$(inherited)",
				);
				GCC_WARN_64_TO_32_BIT_CONVERSION = YES;
				GCC_WARN_ABOUT_RETURN_TYPE = YES_ERROR;
				GCC_WARN_UNDECLARED_SELECTOR = YES;
				GCC_WARN_UNINITIALIZED_AUTOS = YES_AGGRESSIVE;
				GCC_WARN_UNUSED_FUNCTION = YES;
				GCC_WARN_UNUSED_VARIABLE = YES;
				IPHONEOS_DEPLOYMENT_TARGET = 13.5;
				MTL_ENABLE_DEBUG_INFO = INCLUDE_SOURCE;
				MTL_FAST_MATH = YES;
				ONLY_ACTIVE_ARCH = YES;
				SDKROOT = iphoneos;
				SWIFT_ACTIVE_COMPILATION_CONDITIONS = DEBUG;
				SWIFT_OPTIMIZATION_LEVEL = "-Onone";
			};
			name = Debug;
		};
		28251B5B24AF0C01007C9DA9 /* Release */ = {
			isa = XCBuildConfiguration;
			buildSettings = {
				ALWAYS_SEARCH_USER_PATHS = NO;
				CLANG_ANALYZER_NONNULL = YES;
				CLANG_ANALYZER_NUMBER_OBJECT_CONVERSION = YES_AGGRESSIVE;
				CLANG_CXX_LANGUAGE_STANDARD = "gnu++14";
				CLANG_CXX_LIBRARY = "libc++";
				CLANG_ENABLE_MODULES = YES;
				CLANG_ENABLE_OBJC_ARC = YES;
				CLANG_ENABLE_OBJC_WEAK = YES;
				CLANG_WARN_BLOCK_CAPTURE_AUTORELEASING = YES;
				CLANG_WARN_BOOL_CONVERSION = YES;
				CLANG_WARN_COMMA = YES;
				CLANG_WARN_CONSTANT_CONVERSION = YES;
				CLANG_WARN_DEPRECATED_OBJC_IMPLEMENTATIONS = YES;
				CLANG_WARN_DIRECT_OBJC_ISA_USAGE = YES_ERROR;
				CLANG_WARN_DOCUMENTATION_COMMENTS = YES;
				CLANG_WARN_EMPTY_BODY = YES;
				CLANG_WARN_ENUM_CONVERSION = YES;
				CLANG_WARN_INFINITE_RECURSION = YES;
				CLANG_WARN_INT_CONVERSION = YES;
				CLANG_WARN_NON_LITERAL_NULL_CONVERSION = YES;
				CLANG_WARN_OBJC_IMPLICIT_RETAIN_SELF = YES;
				CLANG_WARN_OBJC_LITERAL_CONVERSION = YES;
				CLANG_WARN_OBJC_ROOT_CLASS = YES_ERROR;
				CLANG_WARN_RANGE_LOOP_ANALYSIS = YES;
				CLANG_WARN_STRICT_PROTOTYPES = YES;
				CLANG_WARN_SUSPICIOUS_MOVE = YES;
				CLANG_WARN_UNGUARDED_AVAILABILITY = YES_AGGRESSIVE;
				CLANG_WARN_UNREACHABLE_CODE = YES;
				CLANG_WARN__DUPLICATE_METHOD_MATCH = YES;
				COPY_PHASE_STRIP = NO;
				DEBUG_INFORMATION_FORMAT = "dwarf-with-dsym";
				ENABLE_NS_ASSERTIONS = NO;
				ENABLE_STRICT_OBJC_MSGSEND = YES;
				GCC_C_LANGUAGE_STANDARD = gnu11;
				GCC_NO_COMMON_BLOCKS = YES;
				GCC_WARN_64_TO_32_BIT_CONVERSION = YES;
				GCC_WARN_ABOUT_RETURN_TYPE = YES_ERROR;
				GCC_WARN_UNDECLARED_SELECTOR = YES;
				GCC_WARN_UNINITIALIZED_AUTOS = YES_AGGRESSIVE;
				GCC_WARN_UNUSED_FUNCTION = YES;
				GCC_WARN_UNUSED_VARIABLE = YES;
				IPHONEOS_DEPLOYMENT_TARGET = 13.5;
				MTL_ENABLE_DEBUG_INFO = NO;
				MTL_FAST_MATH = YES;
				SDKROOT = iphoneos;
				SWIFT_COMPILATION_MODE = wholemodule;
				SWIFT_OPTIMIZATION_LEVEL = "-O";
				VALIDATE_PRODUCT = YES;
			};
			name = Release;
		};
		28251B5D24AF0C01007C9DA9 /* Debug */ = {
			isa = XCBuildConfiguration;
			buildSettings = {
				ASSETCATALOG_COMPILER_APPICON_NAME = AppIcon;
				CODE_SIGN_STYLE = Automatic;
				DEVELOPMENT_TEAM = 35W7TZ9DUM;
				INFOPLIST_FILE = "Swift Youtube App Programmatically/Info.plist";
				LD_RUNPATH_SEARCH_PATHS = (
					"$(inherited)",
					"@executable_path/Frameworks",
				);
				PRODUCT_BUNDLE_IDENTIFIER = "com.paige.Swift-Youtube-App-Programmatically";
				PRODUCT_NAME = "$(TARGET_NAME)";
				SWIFT_VERSION = 5.0;
				TARGETED_DEVICE_FAMILY = "1,2";
			};
			name = Debug;
		};
		28251B5E24AF0C01007C9DA9 /* Release */ = {
			isa = XCBuildConfiguration;
			buildSettings = {
				ASSETCATALOG_COMPILER_APPICON_NAME = AppIcon;
				CODE_SIGN_STYLE = Automatic;
				DEVELOPMENT_TEAM = 35W7TZ9DUM;
				INFOPLIST_FILE = "Swift Youtube App Programmatically/Info.plist";
				LD_RUNPATH_SEARCH_PATHS = (
					"$(inherited)",
					"@executable_path/Frameworks",
				);
				PRODUCT_BUNDLE_IDENTIFIER = "com.paige.Swift-Youtube-App-Programmatically";
				PRODUCT_NAME = "$(TARGET_NAME)";
				SWIFT_VERSION = 5.0;
				TARGETED_DEVICE_FAMILY = "1,2";
			};
			name = Release;
		};
/* End XCBuildConfiguration section */

/* Begin XCConfigurationList section */
		28251B4324AF0C00007C9DA9 /* Build configuration list for PBXProject "Swift Youtube App Programmatically" */ = {
			isa = XCConfigurationList;
			buildConfigurations = (
				28251B5A24AF0C01007C9DA9 /* Debug */,
				28251B5B24AF0C01007C9DA9 /* Release */,
			);
			defaultConfigurationIsVisible = 0;
			defaultConfigurationName = Release;
		};
		28251B5C24AF0C01007C9DA9 /* Build configuration list for PBXNativeTarget "Swift Youtube App Programmatically" */ = {
			isa = XCConfigurationList;
			buildConfigurations = (
				28251B5D24AF0C01007C9DA9 /* Debug */,
				28251B5E24AF0C01007C9DA9 /* Release */,
			);
			defaultConfigurationIsVisible = 0;
			defaultConfigurationName = Release;
		};
/* End XCConfigurationList section */
	};
	rootObject = 28251B4024AF0C00007C9DA9 /* Project object */;
}
